
Microsoft Visual Studio Solution File, Format Version 12.00
# Visual Studio Version 16
VisualStudioVersion = 16.0.30611.23
MinimumVisualStudioVersion = 10.0.40219.1
Project("{9A19103F-16F7-4668-BE54-9A1E7A4F7556}") = "MyFaceApi.Api", "MyFaceApi\MyFaceApi.Api.csproj", "{FDFFE7A3-36AC-47A2-A780-8B26A8A1DDB1}"
EndProject
Project("{9A19103F-16F7-4668-BE54-9A1E7A4F7556}") = "MyFaceApi.Api.Tests.UnitTests", "MyFaceApi.Tests.UnitTests\MyFaceApi.Api.Tests.UnitTests.csproj", "{D75898B6-87C2-46BE-AB67-800AF13AEE12}"
EndProject
Project("{9A19103F-16F7-4668-BE54-9A1E7A4F7556}") = "MyFaceApi.IdentityServer", "MyFaceApi.IdentityServer\MyFaceApi.IdentityServer.csproj", "{5724145D-2C29-4B64-AA14-CB20DED6B19A}"
EndProject
Project("{2150E333-8FDC-42A3-9474-1A3956D46DE8}") = "Images", "Images", "{2B4D05E0-C71C-4633-A05F-C79634E802CD}"
EndProject
Project("{9A19103F-16F7-4668-BE54-9A1E7A4F7556}") = "MyFaceApi.Api.Application", "MyFaceApi.Application\MyFaceApi.Api.Application.csproj", "{AA988304-23A1-4052-8C2C-202CC512E1DB}"
EndProject
Project("{9A19103F-16F7-4668-BE54-9A1E7A4F7556}") = "MyFaceApi.Api.Infrastructure", "MyFaceApi.Infrastructure\MyFaceApi.Api.Infrastructure.csproj", "{BA06B444-B38F-4D0D-A871-6722F645AA48}"
EndProject
Project("{9A19103F-16F7-4668-BE54-9A1E7A4F7556}") = "MyFaceApi.Api.Domain", "MyFaceApi.Domain\MyFaceApi.Api.Domain.csproj", "{7623DC54-721F-4B5B-8C2D-31953B1B484B}"
EndProject
Project("{9A19103F-16F7-4668-BE54-9A1E7A4F7556}") = "MyFaceApi.IdentityServer.Domain", "MyFaceApi.IdentityServer.Domain\MyFaceApi.IdentityServer.Domain.csproj", "{B5F35BA6-DAD9-4388-B424-F7FADE3CE825}"
EndProject
Project("{9A19103F-16F7-4668-BE54-9A1E7A4F7556}") = "MyFaceApi.IdentityServer.Application", "MyFaceApi.IdentityServer.Application\MyFaceApi.IdentityServer.Application.csproj", "{6FD44D70-5D0D-4AAE-B9FA-AAC423DFE94D}"
EndProject
Project("{9A19103F-16F7-4668-BE54-9A1E7A4F7556}") = "MyFaceApi.IdentityServer.Infrastructure", "MyFaceApi.IdentityServer.Infrastructure\MyFaceApi.IdentityServer.Infrastructure.csproj", "{5B118FD4-2E2F-4A9D-8EA4-950CC098693F}"
EndProject
Project("{9A19103F-16F7-4668-BE54-9A1E7A4F7556}") = "Pagination", "Pagination\Pagination.csproj", "{F992E01A-9DDD-48C0-9D6F-9F310AFA0B82}"
EndProject
Global
	GlobalSection(SolutionConfigurationPlatforms) = preSolution
		Debug|Any CPU = Debug|Any CPU
		Release|Any CPU = Release|Any CPU
	EndGlobalSection
	GlobalSection(ProjectConfigurationPlatforms) = postSolution
		{FDFFE7A3-36AC-47A2-A780-8B26A8A1DDB1}.Debug|Any CPU.ActiveCfg = Debug|Any CPU
		{FDFFE7A3-36AC-47A2-A780-8B26A8A1DDB1}.Release|Any CPU.ActiveCfg = Release|Any CPU
		{FDFFE7A3-36AC-47A2-A780-8B26A8A1DDB1}.Release|Any CPU.Build.0 = Release|Any CPU
		{D75898B6-87C2-46BE-AB67-800AF13AEE12}.Debug|Any CPU.ActiveCfg = Debug|Any CPU
		{D75898B6-87C2-46BE-AB67-800AF13AEE12}.Release|Any CPU.ActiveCfg = Release|Any CPU
		{D75898B6-87C2-46BE-AB67-800AF13AEE12}.Release|Any CPU.Build.0 = Release|Any CPU
		{5724145D-2C29-4B64-AA14-CB20DED6B19A}.Debug|Any CPU.ActiveCfg = Debug|Any CPU
		{5724145D-2C29-4B64-AA14-CB20DED6B19A}.Debug|Any CPU.Build.0 = Debug|Any CPU
		{5724145D-2C29-4B64-AA14-CB20DED6B19A}.Release|Any CPU.ActiveCfg = Release|Any CPU
		{5724145D-2C29-4B64-AA14-CB20DED6B19A}.Release|Any CPU.Build.0 = Release|Any CPU
		{AA988304-23A1-4052-8C2C-202CC512E1DB}.Debug|Any CPU.ActiveCfg = Debug|Any CPU
		{AA988304-23A1-4052-8C2C-202CC512E1DB}.Release|Any CPU.ActiveCfg = Release|Any CPU
		{AA988304-23A1-4052-8C2C-202CC512E1DB}.Release|Any CPU.Build.0 = Release|Any CPU
		{BA06B444-B38F-4D0D-A871-6722F645AA48}.Debug|Any CPU.ActiveCfg = Debug|Any CPU
		{BA06B444-B38F-4D0D-A871-6722F645AA48}.Release|Any CPU.ActiveCfg = Release|Any CPU
		{BA06B444-B38F-4D0D-A871-6722F645AA48}.Release|Any CPU.Build.0 = Release|Any CPU
		{7623DC54-721F-4B5B-8C2D-31953B1B484B}.Debug|Any CPU.ActiveCfg = Debug|Any CPU
		{7623DC54-721F-4B5B-8C2D-31953B1B484B}.Release|Any CPU.ActiveCfg = Release|Any CPU
		{7623DC54-721F-4B5B-8C2D-31953B1B484B}.Release|Any CPU.Build.0 = Release|Any CPU
		{B5F35BA6-DAD9-4388-B424-F7FADE3CE825}.Debug|Any CPU.ActiveCfg = Debug|Any CPU
		{B5F35BA6-DAD9-4388-B424-F7FADE3CE825}.Debug|Any CPU.Build.0 = Debug|Any CPU
		{B5F35BA6-DAD9-4388-B424-F7FADE3CE825}.Release|Any CPU.ActiveCfg = Release|Any CPU
		{B5F35BA6-DAD9-4388-B424-F7FADE3CE825}.Release|Any CPU.Build.0 = Release|Any CPU
		{6FD44D70-5D0D-4AAE-B9FA-AAC423DFE94D}.Debug|Any CPU.ActiveCfg = Debug|Any CPU
		{6FD44D70-5D0D-4AAE-B9FA-AAC423DFE94D}.Debug|Any CPU.Build.0 = Debug|Any CPU
		{6FD44D70-5D0D-4AAE-B9FA-AAC423DFE94D}.Release|Any CPU.ActiveCfg = Release|Any CPU
		{6FD44D70-5D0D-4AAE-B9FA-AAC423DFE94D}.Release|Any CPU.Build.0 = Release|Any CPU
		{5B118FD4-2E2F-4A9D-8EA4-950CC098693F}.Debug|Any CPU.ActiveCfg = Debug|Any CPU
		{5B118FD4-2E2F-4A9D-8EA4-950CC098693F}.Debug|Any CPU.Build.0 = Debug|Any CPU
		{5B118FD4-2E2F-4A9D-8EA4-950CC098693F}.Release|Any CPU.ActiveCfg = Release|Any CPU
		{5B118FD4-2E2F-4A9D-8EA4-950CC098693F}.Release|Any CPU.Build.0 = Release|Any CPU
		{F992E01A-9DDD-48C0-9D6F-9F310AFA0B82}.Debug|Any CPU.ActiveCfg = Debug|Any CPU
		{F992E01A-9DDD-48C0-9D6F-9F310AFA0B82}.Debug|Any CPU.Build.0 = Debug|Any CPU
		{F992E01A-9DDD-48C0-9D6F-9F310AFA0B82}.Release|Any CPU.ActiveCfg = Release|Any CPU
		{F992E01A-9DDD-48C0-9D6F-9F310AFA0B82}.Release|Any CPU.Build.0 = Release|Any CPU
	EndGlobalSection
	GlobalSection(SolutionProperties) = preSolution
		HideSolutionNode = FALSE
	EndGlobalSection
	GlobalSection(ExtensibilityGlobals) = postSolution
		SolutionGuid = {B267E2D3-6EDF-4734-B781-672E1C86885B}
	EndGlobalSection
EndGlobal
