
Microsoft Visual Studio Solution File, Format Version 12.00
# Visual Studio Version 16
VisualStudioVersion = 16.0.30611.23
MinimumVisualStudioVersion = 10.0.40219.1
Project("{9A19103F-16F7-4668-BE54-9A1E7A4F7556}") = "MyFaceApi", "MyFaceApi\MyFaceApi.csproj", "{FDFFE7A3-36AC-47A2-A780-8B26A8A1DDB1}"
EndProject
Project("{FAE04EC0-301F-11D3-BF4B-00C04F79EFBC}") = "MyFaceApi.Tests.UnitTests", "MyFaceApi.Tests.UnitTests\MyFaceApi.Tests.UnitTests.csproj", "{D75898B6-87C2-46BE-AB67-800AF13AEE12}"
EndProject
Global
	GlobalSection(SolutionConfigurationPlatforms) = preSolution
		Debug|Any CPU = Debug|Any CPU
		Release|Any CPU = Release|Any CPU
	EndGlobalSection
	GlobalSection(ProjectConfigurationPlatforms) = postSolution
		{FDFFE7A3-36AC-47A2-A780-8B26A8A1DDB1}.Debug|Any CPU.ActiveCfg = Debug|Any CPU
		{FDFFE7A3-36AC-47A2-A780-8B26A8A1DDB1}.Debug|Any CPU.Build.0 = Debug|Any CPU
		{FDFFE7A3-36AC-47A2-A780-8B26A8A1DDB1}.Release|Any CPU.ActiveCfg = Release|Any CPU
		{FDFFE7A3-36AC-47A2-A780-8B26A8A1DDB1}.Release|Any CPU.Build.0 = Release|Any CPU
		{D75898B6-87C2-46BE-AB67-800AF13AEE12}.Debug|Any CPU.ActiveCfg = Debug|Any CPU
		{D75898B6-87C2-46BE-AB67-800AF13AEE12}.Debug|Any CPU.Build.0 = Debug|Any CPU
		{D75898B6-87C2-46BE-AB67-800AF13AEE12}.Release|Any CPU.ActiveCfg = Release|Any CPU
		{D75898B6-87C2-46BE-AB67-800AF13AEE12}.Release|Any CPU.Build.0 = Release|Any CPU
	EndGlobalSection
	GlobalSection(SolutionProperties) = preSolution
		HideSolutionNode = FALSE
	EndGlobalSection
	GlobalSection(ExtensibilityGlobals) = postSolution
		SolutionGuid = {B267E2D3-6EDF-4734-B781-672E1C86885B}
	EndGlobalSection
EndGlobal
